
Microsoft Visual Studio Solution File, Format Version 12.00
# Visual Studio Version 17
VisualStudioVersion = 17.6.33723.286
MinimumVisualStudioVersion = 10.0.40219.1
Project("{FAE04EC0-301F-11D3-BF4B-00C04F79EFBC}") = "HomeWork", "HomeWork\HomeWork.csproj", "{AF03CA87-AB29-442C-9498-FEE7895B72E3}"
EndProject
Global
	GlobalSection(SolutionConfigurationPlatforms) = preSolution
		Debug|Any CPU = Debug|Any CPU
		Release|Any CPU = Release|Any CPU
	EndGlobalSection
	GlobalSection(ProjectConfigurationPlatforms) = postSolution
		{AF03CA87-AB29-442C-9498-FEE7895B72E3}.Debug|Any CPU.ActiveCfg = Debug|Any CPU
		{AF03CA87-AB29-442C-9498-FEE7895B72E3}.Debug|Any CPU.Build.0 = Debug|Any CPU
		{AF03CA87-AB29-442C-9498-FEE7895B72E3}.Release|Any CPU.ActiveCfg = Release|Any CPU
		{AF03CA87-AB29-442C-9498-FEE7895B72E3}.Release|Any CPU.Build.0 = Release|Any CPU
	EndGlobalSection
	GlobalSection(SolutionProperties) = preSolution
		HideSolutionNode = FALSE
	EndGlobalSection
	GlobalSection(ExtensibilityGlobals) = postSolution
		SolutionGuid = {2A1C7AE3-A876-4760-BD0A-3C0243703C41}
	EndGlobalSection
EndGlobal
